
Microsoft Visual Studio Solution File, Format Version 12.00
# Visual Studio Version 17
VisualStudioVersion = 17.5.33414.496
MinimumVisualStudioVersion = 10.0.40219.1
Project("{FAE04EC0-301F-11D3-BF4B-00C04F79EFBC}") = "SQL Server Job Monitor", "SQL Server Job Monitor\SQL Server Job Monitor.csproj", "{45F0273E-F092-49CD-994B-EE3079D1EF45}"
EndProject
Global
	GlobalSection(SolutionConfigurationPlatforms) = preSolution
		Debug|Any CPU = Debug|Any CPU
		Release|Any CPU = Release|Any CPU
	EndGlobalSection
	GlobalSection(ProjectConfigurationPlatforms) = postSolution
		{45F0273E-F092-49CD-994B-EE3079D1EF45}.Debug|Any CPU.ActiveCfg = Debug|Any CPU
		{45F0273E-F092-49CD-994B-EE3079D1EF45}.Debug|Any CPU.Build.0 = Debug|Any CPU
		{45F0273E-F092-49CD-994B-EE3079D1EF45}.Release|Any CPU.ActiveCfg = Release|Any CPU
		{45F0273E-F092-49CD-994B-EE3079D1EF45}.Release|Any CPU.Build.0 = Release|Any CPU
	EndGlobalSection
	GlobalSection(SolutionProperties) = preSolution
		HideSolutionNode = FALSE
	EndGlobalSection
	GlobalSection(ExtensibilityGlobals) = postSolution
		SolutionGuid = {285B4A36-1FB9-45DA-9267-90C8BA42FCB2}
	EndGlobalSection
EndGlobal
